Microsoft Visual Studio Solution File, Format Version 12.00
# Visual Studio 2013
Project("{8BC9CEB8-8B4A-11D0-8D11-00A0C91BC942}") = "ALL_BUILD", "ALL_BUILD.vcxproj", "{65D14577-AAF7-36EC-9B92-00848DD568E8}"
	ProjectSection(ProjectDependencies) = postProject
		{94A65570-D746-3AE0-A443-261D6AA9BDB0} = {94A65570-D746-3AE0-A443-261D6AA9BDB0}
		{A2955A08-B93B-3207-897F-041DAE319D1C} = {A2955A08-B93B-3207-897F-041DAE319D1C}
		{058CA067-8600-3FE4-8355-05626AE0CB75} = {058CA067-8600-3FE4-8355-05626AE0CB75}
		{C5E50076-1E14-35EF-BA58-8AB0AD3F737B} = {C5E50076-1E14-35EF-BA58-8AB0AD3F737B}
		{B31423B5-AE4F-3BF2-B950-42F5B87EAE7D} = {B31423B5-AE4F-3BF2-B950-42F5B87EAE7D}
	EndProjectSection
EndProject
Project("{8BC9CEB8-8B4A-11D0-8D11-00A0C91BC942}") = "CompileTraceAndSelectPythonFiles", "TandS\CompileTraceAndSelectPythonFiles.vcxproj", "{94A65570-D746-3AE0-A443-261D6AA9BDB0}"
	ProjectSection(ProjectDependencies) = postProject
		{C5E50076-1E14-35EF-BA58-8AB0AD3F737B} = {C5E50076-1E14-35EF-BA58-8AB0AD3F737B}
		{B31423B5-AE4F-3BF2-B950-42F5B87EAE7D} = {B31423B5-AE4F-3BF2-B950-42F5B87EAE7D}
	EndProjectSection
EndProject
Project("{8BC9CEB8-8B4A-11D0-8D11-00A0C91BC942}") = "ConfigureAdditionalLauncherSettings", "ConfigureAdditionalLauncherSettings.vcxproj", "{A2955A08-B93B-3207-897F-041DAE319D1C}"
	ProjectSection(ProjectDependencies) = postProject
		{B31423B5-AE4F-3BF2-B950-42F5B87EAE7D} = {B31423B5-AE4F-3BF2-B950-42F5B87EAE7D}
	EndProjectSection
EndProject
Project("{8BC9CEB8-8B4A-11D0-8D11-00A0C91BC942}") = "Continuous", "Continuous.vcxproj", "{676C959E-B1AD-3FD4-A915-CBA8D1EF66A2}"
	ProjectSection(ProjectDependencies) = postProject
		{B31423B5-AE4F-3BF2-B950-42F5B87EAE7D} = {B31423B5-AE4F-3BF2-B950-42F5B87EAE7D}
	EndProjectSection
EndProject
Project("{8BC9CEB8-8B4A-11D0-8D11-00A0C91BC942}") = "CopyTraceAndSelectPythonResourceFiles", "TandS\CopyTraceAndSelectPythonResourceFiles.vcxproj", "{058CA067-8600-3FE4-8355-05626AE0CB75}"
	ProjectSection(ProjectDependencies) = postProject
		{B31423B5-AE4F-3BF2-B950-42F5B87EAE7D} = {B31423B5-AE4F-3BF2-B950-42F5B87EAE7D}
	EndProjectSection
EndProject
Project("{8BC9CEB8-8B4A-11D0-8D11-00A0C91BC942}") = "CopyTraceAndSelectPythonScriptFiles", "TandS\CopyTraceAndSelectPythonScriptFiles.vcxproj", "{C5E50076-1E14-35EF-BA58-8AB0AD3F737B}"
	ProjectSection(ProjectDependencies) = postProject
		{B31423B5-AE4F-3BF2-B950-42F5B87EAE7D} = {B31423B5-AE4F-3BF2-B950-42F5B87EAE7D}
	EndProjectSection
EndProject
Project("{8BC9CEB8-8B4A-11D0-8D11-00A0C91BC942}") = "Experimental", "Experimental.vcxproj", "{EB07CEE6-0FF8-3BE2-A78E-39A87F3FA256}"
	ProjectSection(ProjectDependencies) = postProject
		{B31423B5-AE4F-3BF2-B950-42F5B87EAE7D} = {B31423B5-AE4F-3BF2-B950-42F5B87EAE7D}
	EndProjectSection
EndProject
Project("{8BC9CEB8-8B4A-11D0-8D11-00A0C91BC942}") = "INSTALL", "INSTALL.vcxproj", "{73DFB5E0-CB22-33CA-A976-1670ADAC4F41}"
	ProjectSection(ProjectDependencies) = postProject
		{65D14577-AAF7-36EC-9B92-00848DD568E8} = {65D14577-AAF7-36EC-9B92-00848DD568E8}
		{B31423B5-AE4F-3BF2-B950-42F5B87EAE7D} = {B31423B5-AE4F-3BF2-B950-42F5B87EAE7D}
	EndProjectSection
EndProject
Project("{8BC9CEB8-8B4A-11D0-8D11-00A0C91BC942}") = "Nightly", "Nightly.vcxproj", "{0F036DB8-268B-3FA8-8847-9B4EABB862FC}"
	ProjectSection(ProjectDependencies) = postProject
		{B31423B5-AE4F-3BF2-B950-42F5B87EAE7D} = {B31423B5-AE4F-3BF2-B950-42F5B87EAE7D}
	EndProjectSection
EndProject
Project("{8BC9CEB8-8B4A-11D0-8D11-00A0C91BC942}") = "NightlyMemoryCheck", "NightlyMemoryCheck.vcxproj", "{D5C1D141-01FC-3209-8225-7586CE502048}"
	ProjectSection(ProjectDependencies) = postProject
		{B31423B5-AE4F-3BF2-B950-42F5B87EAE7D} = {B31423B5-AE4F-3BF2-B950-42F5B87EAE7D}
	EndProjectSection
EndProject
Project("{8BC9CEB8-8B4A-11D0-8D11-00A0C91BC942}") = "PACKAGE", "PACKAGE.vcxproj", "{B72AF65D-8C2F-3613-8E89-4FD5856206C2}"
	ProjectSection(ProjectDependencies) = postProject
		{65D14577-AAF7-36EC-9B92-00848DD568E8} = {65D14577-AAF7-36EC-9B92-00848DD568E8}
		{B31423B5-AE4F-3BF2-B950-42F5B87EAE7D} = {B31423B5-AE4F-3BF2-B950-42F5B87EAE7D}
	EndProjectSection
EndProject
Project("{8BC9CEB8-8B4A-11D0-8D11-00A0C91BC942}") = "RUN_TESTS", "RUN_TESTS.vcxproj", "{6250BD01-F0D3-3127-B3DD-DD012D7A6994}"
	ProjectSection(ProjectDependencies) = postProject
		{B31423B5-AE4F-3BF2-B950-42F5B87EAE7D} = {B31423B5-AE4F-3BF2-B950-42F5B87EAE7D}
	EndProjectSection
EndProject
Project("{8BC9CEB8-8B4A-11D0-8D11-00A0C91BC942}") = "ZERO_CHECK", "ZERO_CHECK.vcxproj", "{B31423B5-AE4F-3BF2-B950-42F5B87EAE7D}"
	ProjectSection(ProjectDependencies) = postProject
	EndProjectSection
EndProject
Project("{8BC9CEB8-8B4A-11D0-8D11-00A0C91BC942}") = "packageupload", "packageupload.vcxproj", "{80509ED5-9008-36BD-B93A-6964BFB8014A}"
	ProjectSection(ProjectDependencies) = postProject
		{B31423B5-AE4F-3BF2-B950-42F5B87EAE7D} = {B31423B5-AE4F-3BF2-B950-42F5B87EAE7D}
	EndProjectSection
EndProject
Global
	GlobalSection(SolutionConfigurationPlatforms) = preSolution
		Debug|x64 = Debug|x64
		Release|x64 = Release|x64
		MinSizeRel|x64 = MinSizeRel|x64
		RelWithDebInfo|x64 = RelWithDebInfo|x64
	EndGlobalSection
	GlobalSection(ProjectConfigurationPlatforms) = postSolution
		{65D14577-AAF7-36EC-9B92-00848DD568E8}.Debug|x64.ActiveCfg = Debug|x64
		{65D14577-AAF7-36EC-9B92-00848DD568E8}.Debug|x64.Build.0 = Debug|x64
		{65D14577-AAF7-36EC-9B92-00848DD568E8}.Release|x64.ActiveCfg = Release|x64
		{65D14577-AAF7-36EC-9B92-00848DD568E8}.Release|x64.Build.0 = Release|x64
		{65D14577-AAF7-36EC-9B92-00848DD568E8}.MinSizeRel|x64.ActiveCfg = MinSizeRel|x64
		{65D14577-AAF7-36EC-9B92-00848DD568E8}.MinSizeRel|x64.Build.0 = MinSizeRel|x64
		{65D14577-AAF7-36EC-9B92-00848DD568E8}.RelWithDebInfo|x64.ActiveCfg = RelWithDebInfo|x64
		{65D14577-AAF7-36EC-9B92-00848DD568E8}.RelWithDebInfo|x64.Build.0 = RelWithDebInfo|x64
		{94A65570-D746-3AE0-A443-261D6AA9BDB0}.Debug|x64.ActiveCfg = Debug|x64
		{94A65570-D746-3AE0-A443-261D6AA9BDB0}.Debug|x64.Build.0 = Debug|x64
		{94A65570-D746-3AE0-A443-261D6AA9BDB0}.Release|x64.ActiveCfg = Release|x64
		{94A65570-D746-3AE0-A443-261D6AA9BDB0}.Release|x64.Build.0 = Release|x64
		{94A65570-D746-3AE0-A443-261D6AA9BDB0}.MinSizeRel|x64.ActiveCfg = MinSizeRel|x64
		{94A65570-D746-3AE0-A443-261D6AA9BDB0}.MinSizeRel|x64.Build.0 = MinSizeRel|x64
		{94A65570-D746-3AE0-A443-261D6AA9BDB0}.RelWithDebInfo|x64.ActiveCfg = RelWithDebInfo|x64
		{94A65570-D746-3AE0-A443-261D6AA9BDB0}.RelWithDebInfo|x64.Build.0 = RelWithDebInfo|x64
		{A2955A08-B93B-3207-897F-041DAE319D1C}.Debug|x64.ActiveCfg = Debug|x64
		{A2955A08-B93B-3207-897F-041DAE319D1C}.Debug|x64.Build.0 = Debug|x64
		{A2955A08-B93B-3207-897F-041DAE319D1C}.Release|x64.ActiveCfg = Release|x64
		{A2955A08-B93B-3207-897F-041DAE319D1C}.Release|x64.Build.0 = Release|x64
		{A2955A08-B93B-3207-897F-041DAE319D1C}.MinSizeRel|x64.ActiveCfg = MinSizeRel|x64
		{A2955A08-B93B-3207-897F-041DAE319D1C}.MinSizeRel|x64.Build.0 = MinSizeRel|x64
		{A2955A08-B93B-3207-897F-041DAE319D1C}.RelWithDebInfo|x64.ActiveCfg = RelWithDebInfo|x64
		{A2955A08-B93B-3207-897F-041DAE319D1C}.RelWithDebInfo|x64.Build.0 = RelWithDebInfo|x64
		{676C959E-B1AD-3FD4-A915-CBA8D1EF66A2}.Debug|x64.ActiveCfg = Debug|x64
		{676C959E-B1AD-3FD4-A915-CBA8D1EF66A2}.Release|x64.ActiveCfg = Release|x64
		{676C959E-B1AD-3FD4-A915-CBA8D1EF66A2}.MinSizeRel|x64.ActiveCfg = MinSizeRel|x64
		{676C959E-B1AD-3FD4-A915-CBA8D1EF66A2}.RelWithDebInfo|x64.ActiveCfg = RelWithDebInfo|x64
		{058CA067-8600-3FE4-8355-05626AE0CB75}.Debug|x64.ActiveCfg = Debug|x64
		{058CA067-8600-3FE4-8355-05626AE0CB75}.Debug|x64.Build.0 = Debug|x64
		{058CA067-8600-3FE4-8355-05626AE0CB75}.Release|x64.ActiveCfg = Release|x64
		{058CA067-8600-3FE4-8355-05626AE0CB75}.Release|x64.Build.0 = Release|x64
		{058CA067-8600-3FE4-8355-05626AE0CB75}.MinSizeRel|x64.ActiveCfg = MinSizeRel|x64
		{058CA067-8600-3FE4-8355-05626AE0CB75}.MinSizeRel|x64.Build.0 = MinSizeRel|x64
		{058CA067-8600-3FE4-8355-05626AE0CB75}.RelWithDebInfo|x64.ActiveCfg = RelWithDebInfo|x64
		{058CA067-8600-3FE4-8355-05626AE0CB75}.RelWithDebInfo|x64.Build.0 = RelWithDebInfo|x64
		{C5E50076-1E14-35EF-BA58-8AB0AD3F737B}.Debug|x64.ActiveCfg = Debug|x64
		{C5E50076-1E14-35EF-BA58-8AB0AD3F737B}.Debug|x64.Build.0 = Debug|x64
		{C5E50076-1E14-35EF-BA58-8AB0AD3F737B}.Release|x64.ActiveCfg = Release|x64
		{C5E50076-1E14-35EF-BA58-8AB0AD3F737B}.Release|x64.Build.0 = Release|x64
		{C5E50076-1E14-35EF-BA58-8AB0AD3F737B}.MinSizeRel|x64.ActiveCfg = MinSizeRel|x64
		{C5E50076-1E14-35EF-BA58-8AB0AD3F737B}.MinSizeRel|x64.Build.0 = MinSizeRel|x64
		{C5E50076-1E14-35EF-BA58-8AB0AD3F737B}.RelWithDebInfo|x64.ActiveCfg = RelWithDebInfo|x64
		{C5E50076-1E14-35EF-BA58-8AB0AD3F737B}.RelWithDebInfo|x64.Build.0 = RelWithDebInfo|x64
		{EB07CEE6-0FF8-3BE2-A78E-39A87F3FA256}.Debug|x64.ActiveCfg = Debug|x64
		{EB07CEE6-0FF8-3BE2-A78E-39A87F3FA256}.Release|x64.ActiveCfg = Release|x64
		{EB07CEE6-0FF8-3BE2-A78E-39A87F3FA256}.MinSizeRel|x64.ActiveCfg = MinSizeRel|x64
		{EB07CEE6-0FF8-3BE2-A78E-39A87F3FA256}.RelWithDebInfo|x64.ActiveCfg = RelWithDebInfo|x64
		{73DFB5E0-CB22-33CA-A976-1670ADAC4F41}.Debug|x64.ActiveCfg = Debug|x64
		{73DFB5E0-CB22-33CA-A976-1670ADAC4F41}.Release|x64.ActiveCfg = Release|x64
		{73DFB5E0-CB22-33CA-A976-1670ADAC4F41}.MinSizeRel|x64.ActiveCfg = MinSizeRel|x64
		{73DFB5E0-CB22-33CA-A976-1670ADAC4F41}.RelWithDebInfo|x64.ActiveCfg = RelWithDebInfo|x64
		{0F036DB8-268B-3FA8-8847-9B4EABB862FC}.Debug|x64.ActiveCfg = Debug|x64
		{0F036DB8-268B-3FA8-8847-9B4EABB862FC}.Release|x64.ActiveCfg = Release|x64
		{0F036DB8-268B-3FA8-8847-9B4EABB862FC}.MinSizeRel|x64.ActiveCfg = MinSizeRel|x64
		{0F036DB8-268B-3FA8-8847-9B4EABB862FC}.RelWithDebInfo|x64.ActiveCfg = RelWithDebInfo|x64
		{D5C1D141-01FC-3209-8225-7586CE502048}.Debug|x64.ActiveCfg = Debug|x64
		{D5C1D141-01FC-3209-8225-7586CE502048}.Release|x64.ActiveCfg = Release|x64
		{D5C1D141-01FC-3209-8225-7586CE502048}.MinSizeRel|x64.ActiveCfg = MinSizeRel|x64
		{D5C1D141-01FC-3209-8225-7586CE502048}.RelWithDebInfo|x64.ActiveCfg = RelWithDebInfo|x64
		{B72AF65D-8C2F-3613-8E89-4FD5856206C2}.Debug|x64.ActiveCfg = Debug|x64
		{B72AF65D-8C2F-3613-8E89-4FD5856206C2}.Release|x64.ActiveCfg = Release|x64
		{B72AF65D-8C2F-3613-8E89-4FD5856206C2}.MinSizeRel|x64.ActiveCfg = MinSizeRel|x64
		{B72AF65D-8C2F-3613-8E89-4FD5856206C2}.RelWithDebInfo|x64.ActiveCfg = RelWithDebInfo|x64
		{6250BD01-F0D3-3127-B3DD-DD012D7A6994}.Debug|x64.ActiveCfg = Debug|x64
		{6250BD01-F0D3-3127-B3DD-DD012D7A6994}.Release|x64.ActiveCfg = Release|x64
		{6250BD01-F0D3-3127-B3DD-DD012D7A6994}.MinSizeRel|x64.ActiveCfg = MinSizeRel|x64
		{6250BD01-F0D3-3127-B3DD-DD012D7A6994}.RelWithDebInfo|x64.ActiveCfg = RelWithDebInfo|x64
		{B31423B5-AE4F-3BF2-B950-42F5B87EAE7D}.Debug|x64.ActiveCfg = Debug|x64
		{B31423B5-AE4F-3BF2-B950-42F5B87EAE7D}.Debug|x64.Build.0 = Debug|x64
		{B31423B5-AE4F-3BF2-B950-42F5B87EAE7D}.Release|x64.ActiveCfg = Release|x64
		{B31423B5-AE4F-3BF2-B950-42F5B87EAE7D}.Release|x64.Build.0 = Release|x64
		{B31423B5-AE4F-3BF2-B950-42F5B87EAE7D}.MinSizeRel|x64.ActiveCfg = MinSizeRel|x64
		{B31423B5-AE4F-3BF2-B950-42F5B87EAE7D}.MinSizeRel|x64.Build.0 = MinSizeRel|x64
		{B31423B5-AE4F-3BF2-B950-42F5B87EAE7D}.RelWithDebInfo|x64.ActiveCfg = RelWithDebInfo|x64
		{B31423B5-AE4F-3BF2-B950-42F5B87EAE7D}.RelWithDebInfo|x64.Build.0 = RelWithDebInfo|x64
		{80509ED5-9008-36BD-B93A-6964BFB8014A}.Debug|x64.ActiveCfg = Debug|x64
		{80509ED5-9008-36BD-B93A-6964BFB8014A}.Release|x64.ActiveCfg = Release|x64
		{80509ED5-9008-36BD-B93A-6964BFB8014A}.MinSizeRel|x64.ActiveCfg = MinSizeRel|x64
		{80509ED5-9008-36BD-B93A-6964BFB8014A}.RelWithDebInfo|x64.ActiveCfg = RelWithDebInfo|x64
	EndGlobalSection
	GlobalSection(ExtensibilityGlobals) = postSolution
	EndGlobalSection
	GlobalSection(ExtensibilityAddIns) = postSolution
	EndGlobalSection
EndGlobal
