<?xml version="1.0" encoding="UTF-8"?>
<Project ToolsVersion="12.0" xmlns="http://schemas.microsoft.com/developer/msbuild/2003">
  <ItemGroup>
    <CustomBuild Include="C:\Users\peter\Desktop\WandEffectBuild\CMakeFiles\f08a1f06e498a8b8da672e7b2777f282\INSTALL_force.rule">
      <Filter>CMake Rules</Filter>
    </CustomBuild>
  </ItemGroup>
  <ItemGroup>
    <Filter Include="CMake Rules">
      <UniqueIdentifier>{F600F7F8-95D7-305B-AD54-2BFA9375D4C6}</UniqueIdentifier>
    </Filter>
  </ItemGroup>
</Project>
