<?xml version="1.0" encoding="UTF-8"?>
<Project ToolsVersion="12.0" xmlns="http://schemas.microsoft.com/developer/msbuild/2003">
  <ItemGroup>
    <CustomBuild Include="C:\Users\peter\Desktop\WandEffect\TandS\CMakeLists.txt" />
    <CustomBuild Include="C:\Users\peter\Desktop\WandEffectBuild\CMakeFiles\a3e2edf451d87dc2fe87e79ce4eae79e\TraceAndSelect.png.rule">
      <Filter>CMake Rules</Filter>
    </CustomBuild>
    <CustomBuild Include="C:\Users\peter\Desktop\WandEffectBuild\CMakeFiles\73d6e5048ec7c4bc1860bf0db3d3cbce\CopyTraceAndSelectPythonResourceFiles.rule">
      <Filter>CMake Rules</Filter>
    </CustomBuild>
  </ItemGroup>
  <ItemGroup>
    <None Include="C:\Users\peter\Desktop\WandEffectBuild\TandS\CMakeFiles\CopyTraceAndSelectPythonResourceFiles" />
  </ItemGroup>
  <ItemGroup>
    <Filter Include="CMake Rules">
      <UniqueIdentifier>{F600F7F8-95D7-305B-AD54-2BFA9375D4C6}</UniqueIdentifier>
    </Filter>
  </ItemGroup>
</Project>
